
Microsoft Visual Studio Solution File, Format Version 12.00
# Visual Studio Version 17
VisualStudioVersion = 17.8.34309.116
MinimumVisualStudioVersion = 10.0.40219.1
Project("{FAE04EC0-301F-11D3-BF4B-00C04F79EFBC}") = "TodoApi", "TodoApi\TodoApi.csproj", "{987B9DEB-817D-457A-8809-278173E7A9CE}"
EndProject
Global
	GlobalSection(SolutionConfigurationPlatforms) = preSolution
		Debug|Any CPU = Debug|Any CPU
		Release|Any CPU = Release|Any CPU
	EndGlobalSection
	GlobalSection(ProjectConfigurationPlatforms) = postSolution
		{987B9DEB-817D-457A-8809-278173E7A9CE}.Debug|Any CPU.ActiveCfg = Debug|Any CPU
		{987B9DEB-817D-457A-8809-278173E7A9CE}.Debug|Any CPU.Build.0 = Debug|Any CPU
		{987B9DEB-817D-457A-8809-278173E7A9CE}.Release|Any CPU.ActiveCfg = Release|Any CPU
		{987B9DEB-817D-457A-8809-278173E7A9CE}.Release|Any CPU.Build.0 = Release|Any CPU
	EndGlobalSection
	GlobalSection(SolutionProperties) = preSolution
		HideSolutionNode = FALSE
	EndGlobalSection
	GlobalSection(ExtensibilityGlobals) = postSolution
		SolutionGuid = {1C96F6E8-A19E-4693-A0C8-C7C91473D77D}
	EndGlobalSection
EndGlobal
